// !$*UTF8*$!
{
	archiveVersion = 1;
	classes = {
	};
	objectVersion = 50;
	objects = {

/* Begin PBXBuildFile section */
		1829DD3226433F450081ECFF /* CollectionType.swift in Sources */ = {isa = PBXBuildFile; fileRef = 1829DD3126433F450081ECFF /* CollectionType.swift */; };
		1829DD382643470F0081ECFF /* StringEnum.swift in Sources */ = {isa = PBXBuildFile; fileRef = 1829DD372643470F0081ECFF /* StringEnum.swift */; };
		1855D9EE251EB77800E37B8E /* main.swift in Sources */ = {isa = PBXBuildFile; fileRef = 1855D9ED251EB77800E37B8E /* main.swift */; };
		1855D9F5251EB8ED00E37B8E /* CommandLineUtils.swift in Sources */ = {isa = PBXBuildFile; fileRef = 1855D9F4251EB8ED00E37B8E /* CommandLineUtils.swift */; };
		1855D9F7251EB8F400E37B8E /* Metadata.swift in Sources */ = {isa = PBXBuildFile; fileRef = 1855D9F6251EB8F400E37B8E /* Metadata.swift */; };
		1855D9F9251EBA3A00E37B8E /* WebGenerator.swift in Sources */ = {isa = PBXBuildFile; fileRef = 1855D9F8251EBA3A00E37B8E /* WebGenerator.swift */; };
/* End PBXBuildFile section */

/* Begin PBXCopyFilesBuildPhase section */
		1855D9E8251EB77800E37B8E /* CopyFiles */ = {
			isa = PBXCopyFilesBuildPhase;
			buildActionMask = 2147483647;
			dstPath = /usr/share/man/man1/;
			dstSubfolderSpec = 0;
			files = (
			);
			runOnlyForDeploymentPostprocessing = 1;
		};
/* End PBXCopyFilesBuildPhase section */

/* Begin PBXFileReference section */
		1829DD3126433F450081ECFF /* CollectionType.swift */ = {isa = PBXFileReference; fileEncoding = 4; lastKnownFileType = sourcecode.swift; name = CollectionType.swift; path = "../../D3F-MetadataCollector/D3F-MetadataCollector/CollectionType.swift"; sourceTree = "<group>"; };
		1829DD372643470F0081ECFF /* StringEnum.swift */ = {isa = PBXFileReference; fileEncoding = 4; lastKnownFileType = sourcecode.swift; name = StringEnum.swift; path = "../../D3F-MetadataCollector/D3F-MetadataCollector/StringEnum.swift"; sourceTree = "<group>"; };
		1855D9EA251EB77800E37B8E /* D3F-WebGenerator */ = {isa = PBXFileReference; explicitFileType = "compiled.mach-o.executable"; includeInIndex = 0; path = "D3F-WebGenerator"; sourceTree = BUILT_PRODUCTS_DIR; };
		1855D9ED251EB77800E37B8E /* main.swift */ = {isa = PBXFileReference; lastKnownFileType = sourcecode.swift; path = main.swift; sourceTree = "<group>"; };
		1855D9F4251EB8ED00E37B8E /* CommandLineUtils.swift */ = {isa = PBXFileReference; fileEncoding = 4; lastKnownFileType = sourcecode.swift; name = CommandLineUtils.swift; path = "../../D3F-MetadataCollector/D3F-MetadataCollector/CommandLineUtils.swift"; sourceTree = "<group>"; };
		1855D9F6251EB8F400E37B8E /* Metadata.swift */ = {isa = PBXFileReference; fileEncoding = 4; lastKnownFileType = sourcecode.swift; name = Metadata.swift; path = "../../D3F-MetadataCollector/D3F-MetadataCollector/Metadata.swift"; sourceTree = "<group>"; };
		1855D9F8251EBA3A00E37B8E /* WebGenerator.swift */ = {isa = PBXFileReference; lastKnownFileType = sourcecode.swift; path = WebGenerator.swift; sourceTree = "<group>"; };
		1855D9FA251EE33900E37B8E /* Config.xcconfig */ = {isa = PBXFileReference; lastKnownFileType = text.xcconfig; path = Config.xcconfig; sourceTree = "<group>"; };
/* End PBXFileReference section */

/* Begin PBXFrameworksBuildPhase section */
		1855D9E7251EB77800E37B8E /* Frameworks */ = {
			isa = PBXFrameworksBuildPhase;
			buildActionMask = 2147483647;
			files = (
			);
			runOnlyForDeploymentPostprocessing = 0;
		};
/* End PBXFrameworksBuildPhase section */

/* Begin PBXGroup section */
		1855D9E1251EB77800E37B8E = {
			isa = PBXGroup;
			children = (
				1855D9EC251EB77800E37B8E /* D3F-WebGenerator */,
				1855D9EB251EB77800E37B8E /* Products */,
			);
			sourceTree = "<group>";
		};
		1855D9EB251EB77800E37B8E /* Products */ = {
			isa = PBXGroup;
			children = (
				1855D9EA251EB77800E37B8E /* D3F-WebGenerator */,
			);
			name = Products;
			sourceTree = "<group>";
		};
		1855D9EC251EB77800E37B8E /* D3F-WebGenerator */ = {
			isa = PBXGroup;
			children = (
				1855D9F4251EB8ED00E37B8E /* CommandLineUtils.swift */,
				1855D9ED251EB77800E37B8E /* main.swift */,
				1855D9F8251EBA3A00E37B8E /* WebGenerator.swift */,
				1829DD372643470F0081ECFF /* StringEnum.swift */,
				1829DD3126433F450081ECFF /* CollectionType.swift */,
				1855D9F6251EB8F400E37B8E /* Metadata.swift */,
				1855D9FA251EE33900E37B8E /* Config.xcconfig */,
			);
			path = "D3F-WebGenerator";
			sourceTree = "<group>";
		};
/* End PBXGroup section */

/* Begin PBXNativeTarget section */
		1855D9E9251EB77800E37B8E /* D3F-WebGenerator */ = {
			isa = PBXNativeTarget;
			buildConfigurationList = 1855D9F1251EB77800E37B8E /* Build configuration list for PBXNativeTarget "D3F-WebGenerator" */;
			buildPhases = (
				1855D9E6251EB77800E37B8E /* Sources */,
				1855D9E7251EB77800E37B8E /* Frameworks */,
				1855D9E8251EB77800E37B8E /* CopyFiles */,
			);
			buildRules = (
			);
			dependencies = (
			);
			name = "D3F-WebGenerator";
			productName = "D3F-WebGenerator";
			productReference = 1855D9EA251EB77800E37B8E /* D3F-WebGenerator */;
			productType = "com.apple.product-type.tool";
		};
/* End PBXNativeTarget section */

/* Begin PBXProject section */
		1855D9E2251EB77800E37B8E /* Project object */ = {
			isa = PBXProject;
			attributes = {
				LastSwiftUpdateCheck = 1130;
				LastUpgradeCheck = 1130;
				ORGANIZATIONNAME = YourMJK;
				TargetAttributes = {
					1855D9E9251EB77800E37B8E = {
						CreatedOnToolsVersion = 11.3.1;
					};
				};
			};
			buildConfigurationList = 1855D9E5251EB77800E37B8E /* Build configuration list for PBXProject "D3F-WebGenerator" */;
			compatibilityVersion = "Xcode 9.3";
			developmentRegion = en;
			hasScannedForEncodings = 0;
			knownRegions = (
				en,
				Base,
			);
			mainGroup = 1855D9E1251EB77800E37B8E;
			productRefGroup = 1855D9EB251EB77800E37B8E /* Products */;
			projectDirPath = "";
			projectRoot = "";
			targets = (
				1855D9E9251EB77800E37B8E /* D3F-WebGenerator */,
			);
		};
/* End PBXProject section */

/* Begin PBXSourcesBuildPhase section */
		1855D9E6251EB77800E37B8E /* Sources */ = {
			isa = PBXSourcesBuildPhase;
			buildActionMask = 2147483647;
			files = (
				1829DD3226433F450081ECFF /* CollectionType.swift in Sources */,
				1829DD382643470F0081ECFF /* StringEnum.swift in Sources */,
				1855D9EE251EB77800E37B8E /* main.swift in Sources */,
				1855D9F7251EB8F400E37B8E /* Metadata.swift in Sources */,
				1855D9F9251EBA3A00E37B8E /* WebGenerator.swift in Sources */,
				1855D9F5251EB8ED00E37B8E /* CommandLineUtils.swift in Sources */,
			);
			runOnlyForDeploymentPostprocessing = 0;
		};
/* End PBXSourcesBuildPhase section */

/* Begin XCBuildConfiguration section */
		1855D9EF251EB77800E37B8E /* Debug */ = {
			isa = XCBuildConfiguration;
			buildSettings = {
				ALWAYS_SEARCH_USER_PATHS = NO;
				CLANG_ANALYZER_NONNULL = YES;
				CLANG_ANALYZER_NUMBER_OBJECT_CONVERSION = YES_AGGRESSIVE;
				CLANG_CXX_LANGUAGE_STANDARD = "gnu++14";
				CLANG_CXX_LIBRARY = "libc++";
				CLANG_ENABLE_MODULES = YES;
				CLANG_ENABLE_OBJC_ARC = YES;
				CLANG_ENABLE_OBJC_WEAK = YES;
				CLANG_WARN_BLOCK_CAPTURE_AUTORELEASING = YES;
				CLANG_WARN_BOOL_CONVERSION = YES;
				CLANG_WARN_COMMA = YES;
				CLANG_WARN_CONSTANT_CONVERSION = YES;
				CLANG_WARN_DEPRECATED_OBJC_IMPLEMENTATIONS = YES;
				CLANG_WARN_DIRECT_OBJC_ISA_USAGE = YES_ERROR;
				CLANG_WARN_DOCUMENTATION_COMMENTS = YES;
				CLANG_WARN_EMPTY_BODY = YES;
				CLANG_WARN_ENUM_CONVERSION = YES;
				CLANG_WARN_INFINITE_RECURSION = YES;
				CLANG_WARN_INT_CONVERSION = YES;
				CLANG_WARN_NON_LITERAL_NULL_CONVERSION = YES;
				CLANG_WARN_OBJC_IMPLICIT_RETAIN_SELF = YES;
				CLANG_WARN_OBJC_LITERAL_CONVERSION = YES;
				CLANG_WARN_OBJC_ROOT_CLASS = YES_ERROR;
				CLANG_WARN_RANGE_LOOP_ANALYSIS = YES;
				CLANG_WARN_STRICT_PROTOTYPES = YES;
				CLANG_WARN_SUSPICIOUS_MOVE = YES;
				CLANG_WARN_UNGUARDED_AVAILABILITY = YES_AGGRESSIVE;
				CLANG_WARN_UNREACHABLE_CODE = YES;
				CLANG_WARN__DUPLICATE_METHOD_MATCH = YES;
				COPY_PHASE_STRIP = NO;
				DEBUG_INFORMATION_FORMAT = dwarf;
				ENABLE_STRICT_OBJC_MSGSEND = YES;
				ENABLE_TESTABILITY = YES;
				GCC_C_LANGUAGE_STANDARD = gnu11;
				GCC_DYNAMIC_NO_PIC = NO;
				GCC_NO_COMMON_BLOCKS = YES;
				GCC_OPTIMIZATION_LEVEL = 0;
				GCC_PREPROCESSOR_DEFINITIONS = (
					"DEBUG=1",
					"$(inherited)",
				);
				GCC_WARN_64_TO_32_BIT_CONVERSION = YES;
				GCC_WARN_ABOUT_RETURN_TYPE = YES_ERROR;
				GCC_WARN_UNDECLARED_SELECTOR = YES;
				GCC_WARN_UNINITIALIZED_AUTOS = YES_AGGRESSIVE;
				GCC_WARN_UNUSED_FUNCTION = YES;
				GCC_WARN_UNUSED_VARIABLE = YES;
				MACOSX_DEPLOYMENT_TARGET = 10.14;
				MTL_ENABLE_DEBUG_INFO = INCLUDE_SOURCE;
				MTL_FAST_MATH = YES;
				ONLY_ACTIVE_ARCH = YES;
				SDKROOT = macosx;
				SWIFT_ACTIVE_COMPILATION_CONDITIONS = DEBUG;
				SWIFT_OPTIMIZATION_LEVEL = "-Onone";
			};
			name = Debug;
		};
		1855D9F0251EB77800E37B8E /* Release */ = {
			isa = XCBuildConfiguration;
			buildSettings = {
				ALWAYS_SEARCH_USER_PATHS = NO;
				CLANG_ANALYZER_NONNULL = YES;
				CLANG_ANALYZER_NUMBER_OBJECT_CONVERSION = YES_AGGRESSIVE;
				CLANG_CXX_LANGUAGE_STANDARD = "gnu++14";
				CLANG_CXX_LIBRARY = "libc++";
				CLANG_ENABLE_MODULES = YES;
				CLANG_ENABLE_OBJC_ARC = YES;
				CLANG_ENABLE_OBJC_WEAK = YES;
				CLANG_WARN_BLOCK_CAPTURE_AUTORELEASING = YES;
				CLANG_WARN_BOOL_CONVERSION = YES;
				CLANG_WARN_COMMA = YES;
				CLANG_WARN_CONSTANT_CONVERSION = YES;
				CLANG_WARN_DEPRECATED_OBJC_IMPLEMENTATIONS = YES;
				CLANG_WARN_DIRECT_OBJC_ISA_USAGE = YES_ERROR;
				CLANG_WARN_DOCUMENTATION_COMMENTS = YES;
				CLANG_WARN_EMPTY_BODY = YES;
				CLANG_WARN_ENUM_CONVERSION = YES;
				CLANG_WARN_INFINITE_RECURSION = YES;
				CLANG_WARN_INT_CONVERSION = YES;
				CLANG_WARN_NON_LITERAL_NULL_CONVERSION = YES;
				CLANG_WARN_OBJC_IMPLICIT_RETAIN_SELF = YES;
				CLANG_WARN_OBJC_LITERAL_CONVERSION = YES;
				CLANG_WARN_OBJC_ROOT_CLASS = YES_ERROR;
				CLANG_WARN_RANGE_LOOP_ANALYSIS = YES;
				CLANG_WARN_STRICT_PROTOTYPES = YES;
				CLANG_WARN_SUSPICIOUS_MOVE = YES;
				CLANG_WARN_UNGUARDED_AVAILABILITY = YES_AGGRESSIVE;
				CLANG_WARN_UNREACHABLE_CODE = YES;
				CLANG_WARN__DUPLICATE_METHOD_MATCH = YES;
				COPY_PHASE_STRIP = NO;
				DEBUG_INFORMATION_FORMAT = "dwarf-with-dsym";
				ENABLE_NS_ASSERTIONS = NO;
				ENABLE_STRICT_OBJC_MSGSEND = YES;
				GCC_C_LANGUAGE_STANDARD = gnu11;
				GCC_NO_COMMON_BLOCKS = YES;
				GCC_WARN_64_TO_32_BIT_CONVERSION = YES;
				GCC_WARN_ABOUT_RETURN_TYPE = YES_ERROR;
				GCC_WARN_UNDECLARED_SELECTOR = YES;
				GCC_WARN_UNINITIALIZED_AUTOS = YES_AGGRESSIVE;
				GCC_WARN_UNUSED_FUNCTION = YES;
				GCC_WARN_UNUSED_VARIABLE = YES;
				MACOSX_DEPLOYMENT_TARGET = 10.14;
				MTL_ENABLE_DEBUG_INFO = NO;
				MTL_FAST_MATH = YES;
				SDKROOT = macosx;
				SWIFT_COMPILATION_MODE = wholemodule;
				SWIFT_OPTIMIZATION_LEVEL = "-O";
			};
			name = Release;
		};
		1855D9F2251EB77800E37B8E /* Debug */ = {
			isa = XCBuildConfiguration;
			baseConfigurationReference = 1855D9FA251EE33900E37B8E /* Config.xcconfig */;
			buildSettings = {
				CODE_SIGN_STYLE = Automatic;
				PRODUCT_NAME = "$(TARGET_NAME)";
				SWIFT_VERSION = 5.0;
			};
			name = Debug;
		};
		1855D9F3251EB77800E37B8E /* Release */ = {
			isa = XCBuildConfiguration;
			baseConfigurationReference = 1855D9FA251EE33900E37B8E /* Config.xcconfig */;
			buildSettings = {
				CODE_SIGN_STYLE = Automatic;
				PRODUCT_NAME = "$(TARGET_NAME)";
				SWIFT_VERSION = 5.0;
			};
			name = Release;
		};
/* End XCBuildConfiguration section */

/* Begin XCConfigurationList section */
		1855D9E5251EB77800E37B8E /* Build configuration list for PBXProject "D3F-WebGenerator" */ = {
			isa = XCConfigurationList;
			buildConfigurations = (
				1855D9EF251EB77800E37B8E /* Debug */,
				1855D9F0251EB77800E37B8E /* Release */,
			);
			defaultConfigurationIsVisible = 0;
			defaultConfigurationName = Release;
		};
		1855D9F1251EB77800E37B8E /* Build configuration list for PBXNativeTarget "D3F-WebGenerator" */ = {
			isa = XCConfigurationList;
			buildConfigurations = (
				1855D9F2251EB77800E37B8E /* Debug */,
				1855D9F3251EB77800E37B8E /* Release */,
			);
			defaultConfigurationIsVisible = 0;
			defaultConfigurationName = Release;
		};
/* End XCConfigurationList section */
	};
	rootObject = 1855D9E2251EB77800E37B8E /* Project object */;
}
