// !$*UTF8*$!
{
	archiveVersion = 1;
	classes = {
	};
	objectVersion = 50;
	objects = {

/* Begin PBXBuildFile section */
		181F61B3251D239B005F7433 /* main.swift in Sources */ = {isa = PBXBuildFile; fileRef = 181F61B2251D239B005F7433 /* main.swift */; };
		181F61BA251D245F005F7433 /* CommandLineUtils.swift in Sources */ = {isa = PBXBuildFile; fileRef = 181F61B9251D245F005F7433 /* CommandLineUtils.swift */; };
		181F61BC251D247E005F7433 /* Metadata.swift in Sources */ = {isa = PBXBuildFile; fileRef = 181F61BB251D247E005F7433 /* Metadata.swift */; };
		181F61BE251D264F005F7433 /* MetadataExporter.swift in Sources */ = {isa = PBXBuildFile; fileRef = 181F61BD251D264F005F7433 /* MetadataExporter.swift */; };
		18D7E453261D073300181926 /* FFmetadata.swift in Sources */ = {isa = PBXBuildFile; fileRef = 18D7E452261D073300181926 /* FFmetadata.swift */; };
		18D7E4562624E7C100181926 /* CollectionType.swift in Sources */ = {isa = PBXBuildFile; fileRef = 18D7E4552624E7C100181926 /* CollectionType.swift */; };
		18D7E45E2624F85D00181926 /* MetadataExporter.WebDir.swift in Sources */ = {isa = PBXBuildFile; fileRef = 18D7E45D2624F85D00181926 /* MetadataExporter.WebDir.swift */; };
/* End PBXBuildFile section */

/* Begin PBXCopyFilesBuildPhase section */
		181F61AD251D239B005F7433 /* CopyFiles */ = {
			isa = PBXCopyFilesBuildPhase;
			buildActionMask = 2147483647;
			dstPath = /usr/share/man/man1/;
			dstSubfolderSpec = 0;
			files = (
			);
			runOnlyForDeploymentPostprocessing = 1;
		};
/* End PBXCopyFilesBuildPhase section */

/* Begin PBXFileReference section */
		181F61AF251D239B005F7433 /* D3F-MetadataExporter */ = {isa = PBXFileReference; explicitFileType = "compiled.mach-o.executable"; includeInIndex = 0; path = "D3F-MetadataExporter"; sourceTree = BUILT_PRODUCTS_DIR; };
		181F61B2251D239B005F7433 /* main.swift */ = {isa = PBXFileReference; lastKnownFileType = sourcecode.swift; path = main.swift; sourceTree = "<group>"; };
		181F61B9251D245F005F7433 /* CommandLineUtils.swift */ = {isa = PBXFileReference; fileEncoding = 4; lastKnownFileType = sourcecode.swift; name = CommandLineUtils.swift; path = "../../D3F-MetadataCollector/D3F-MetadataCollector/CommandLineUtils.swift"; sourceTree = "<group>"; };
		181F61BB251D247E005F7433 /* Metadata.swift */ = {isa = PBXFileReference; fileEncoding = 4; lastKnownFileType = sourcecode.swift; name = Metadata.swift; path = "../../D3F-MetadataCollector/D3F-MetadataCollector/Metadata.swift"; sourceTree = "<group>"; };
		181F61BD251D264F005F7433 /* MetadataExporter.swift */ = {isa = PBXFileReference; lastKnownFileType = sourcecode.swift; path = MetadataExporter.swift; sourceTree = "<group>"; };
		1855D9FC251EE6B400E37B8E /* Config.xcconfig */ = {isa = PBXFileReference; lastKnownFileType = text.xcconfig; path = Config.xcconfig; sourceTree = "<group>"; };
		18D7E452261D073300181926 /* FFmetadata.swift */ = {isa = PBXFileReference; lastKnownFileType = sourcecode.swift; path = FFmetadata.swift; sourceTree = "<group>"; };
		18D7E4552624E7C100181926 /* CollectionType.swift */ = {isa = PBXFileReference; lastKnownFileType = sourcecode.swift; path = CollectionType.swift; sourceTree = "<group>"; };
		18D7E45D2624F85D00181926 /* MetadataExporter.WebDir.swift */ = {isa = PBXFileReference; lastKnownFileType = sourcecode.swift; path = MetadataExporter.WebDir.swift; sourceTree = "<group>"; };
/* End PBXFileReference section */

/* Begin PBXFrameworksBuildPhase section */
		181F61AC251D239B005F7433 /* Frameworks */ = {
			isa = PBXFrameworksBuildPhase;
			buildActionMask = 2147483647;
			files = (
			);
			runOnlyForDeploymentPostprocessing = 0;
		};
/* End PBXFrameworksBuildPhase section */

/* Begin PBXGroup section */
		181F61A6251D239B005F7433 = {
			isa = PBXGroup;
			children = (
				181F61B1251D239B005F7433 /* D3F-MetadataExporter */,
				181F61B0251D239B005F7433 /* Products */,
			);
			sourceTree = "<group>";
		};
		181F61B0251D239B005F7433 /* Products */ = {
			isa = PBXGroup;
			children = (
				181F61AF251D239B005F7433 /* D3F-MetadataExporter */,
			);
			name = Products;
			sourceTree = "<group>";
		};
		181F61B1251D239B005F7433 /* D3F-MetadataExporter */ = {
			isa = PBXGroup;
			children = (
				181F61B9251D245F005F7433 /* CommandLineUtils.swift */,
				181F61B2251D239B005F7433 /* main.swift */,
				181F61BD251D264F005F7433 /* MetadataExporter.swift */,
				18D7E45D2624F85D00181926 /* MetadataExporter.WebDir.swift */,
				18D7E452261D073300181926 /* FFmetadata.swift */,
				18D7E4552624E7C100181926 /* CollectionType.swift */,
				181F61BB251D247E005F7433 /* Metadata.swift */,
				1855D9FC251EE6B400E37B8E /* Config.xcconfig */,
			);
			path = "D3F-MetadataExporter";
			sourceTree = "<group>";
		};
/* End PBXGroup section */

/* Begin PBXNativeTarget section */
		181F61AE251D239B005F7433 /* D3F-MetadataExporter */ = {
			isa = PBXNativeTarget;
			buildConfigurationList = 181F61B6251D239B005F7433 /* Build configuration list for PBXNativeTarget "D3F-MetadataExporter" */;
			buildPhases = (
				181F61AB251D239B005F7433 /* Sources */,
				181F61AC251D239B005F7433 /* Frameworks */,
				181F61AD251D239B005F7433 /* CopyFiles */,
			);
			buildRules = (
			);
			dependencies = (
			);
			name = "D3F-MetadataExporter";
			productName = "D3F-MetadataExporter";
			productReference = 181F61AF251D239B005F7433 /* D3F-MetadataExporter */;
			productType = "com.apple.product-type.tool";
		};
/* End PBXNativeTarget section */

/* Begin PBXProject section */
		181F61A7251D239B005F7433 /* Project object */ = {
			isa = PBXProject;
			attributes = {
				LastSwiftUpdateCheck = 1130;
				LastUpgradeCheck = 1130;
				ORGANIZATIONNAME = YourMJK;
				TargetAttributes = {
					181F61AE251D239B005F7433 = {
						CreatedOnToolsVersion = 11.3.1;
					};
				};
			};
			buildConfigurationList = 181F61AA251D239B005F7433 /* Build configuration list for PBXProject "D3F-MetadataExporter" */;
			compatibilityVersion = "Xcode 9.3";
			developmentRegion = en;
			hasScannedForEncodings = 0;
			knownRegions = (
				en,
				Base,
			);
			mainGroup = 181F61A6251D239B005F7433;
			productRefGroup = 181F61B0251D239B005F7433 /* Products */;
			projectDirPath = "";
			projectRoot = "";
			targets = (
				181F61AE251D239B005F7433 /* D3F-MetadataExporter */,
			);
		};
/* End PBXProject section */

/* Begin PBXSourcesBuildPhase section */
		181F61AB251D239B005F7433 /* Sources */ = {
			isa = PBXSourcesBuildPhase;
			buildActionMask = 2147483647;
			files = (
				181F61B3251D239B005F7433 /* main.swift in Sources */,
				181F61BC251D247E005F7433 /* Metadata.swift in Sources */,
				181F61BA251D245F005F7433 /* CommandLineUtils.swift in Sources */,
				18D7E453261D073300181926 /* FFmetadata.swift in Sources */,
				181F61BE251D264F005F7433 /* MetadataExporter.swift in Sources */,
				18D7E45E2624F85D00181926 /* MetadataExporter.WebDir.swift in Sources */,
				18D7E4562624E7C100181926 /* CollectionType.swift in Sources */,
			);
			runOnlyForDeploymentPostprocessing = 0;
		};
/* End PBXSourcesBuildPhase section */

/* Begin XCBuildConfiguration section */
		181F61B4251D239B005F7433 /* Debug */ = {
			isa = XCBuildConfiguration;
			buildSettings = {
				ALWAYS_SEARCH_USER_PATHS = NO;
				CLANG_ANALYZER_NONNULL = YES;
				CLANG_ANALYZER_NUMBER_OBJECT_CONVERSION = YES_AGGRESSIVE;
				CLANG_CXX_LANGUAGE_STANDARD = "gnu++14";
				CLANG_CXX_LIBRARY = "libc++";
				CLANG_ENABLE_MODULES = YES;
				CLANG_ENABLE_OBJC_ARC = YES;
				CLANG_ENABLE_OBJC_WEAK = YES;
				CLANG_WARN_BLOCK_CAPTURE_AUTORELEASING = YES;
				CLANG_WARN_BOOL_CONVERSION = YES;
				CLANG_WARN_COMMA = YES;
				CLANG_WARN_CONSTANT_CONVERSION = YES;
				CLANG_WARN_DEPRECATED_OBJC_IMPLEMENTATIONS = YES;
				CLANG_WARN_DIRECT_OBJC_ISA_USAGE = YES_ERROR;
				CLANG_WARN_DOCUMENTATION_COMMENTS = YES;
				CLANG_WARN_EMPTY_BODY = YES;
				CLANG_WARN_ENUM_CONVERSION = YES;
				CLANG_WARN_INFINITE_RECURSION = YES;
				CLANG_WARN_INT_CONVERSION = YES;
				CLANG_WARN_NON_LITERAL_NULL_CONVERSION = YES;
				CLANG_WARN_OBJC_IMPLICIT_RETAIN_SELF = YES;
				CLANG_WARN_OBJC_LITERAL_CONVERSION = YES;
				CLANG_WARN_OBJC_ROOT_CLASS = YES_ERROR;
				CLANG_WARN_RANGE_LOOP_ANALYSIS = YES;
				CLANG_WARN_STRICT_PROTOTYPES = YES;
				CLANG_WARN_SUSPICIOUS_MOVE = YES;
				CLANG_WARN_UNGUARDED_AVAILABILITY = YES_AGGRESSIVE;
				CLANG_WARN_UNREACHABLE_CODE = YES;
				CLANG_WARN__DUPLICATE_METHOD_MATCH = YES;
				COPY_PHASE_STRIP = NO;
				DEBUG_INFORMATION_FORMAT = dwarf;
				ENABLE_STRICT_OBJC_MSGSEND = YES;
				ENABLE_TESTABILITY = YES;
				GCC_C_LANGUAGE_STANDARD = gnu11;
				GCC_DYNAMIC_NO_PIC = NO;
				GCC_NO_COMMON_BLOCKS = YES;
				GCC_OPTIMIZATION_LEVEL = 0;
				GCC_PREPROCESSOR_DEFINITIONS = (
					"DEBUG=1",
					"$(inherited)",
				);
				GCC_WARN_64_TO_32_BIT_CONVERSION = YES;
				GCC_WARN_ABOUT_RETURN_TYPE = YES_ERROR;
				GCC_WARN_UNDECLARED_SELECTOR = YES;
				GCC_WARN_UNINITIALIZED_AUTOS = YES_AGGRESSIVE;
				GCC_WARN_UNUSED_FUNCTION = YES;
				GCC_WARN_UNUSED_VARIABLE = YES;
				MACOSX_DEPLOYMENT_TARGET = 10.14;
				MTL_ENABLE_DEBUG_INFO = INCLUDE_SOURCE;
				MTL_FAST_MATH = YES;
				ONLY_ACTIVE_ARCH = YES;
				SDKROOT = macosx;
				SWIFT_ACTIVE_COMPILATION_CONDITIONS = DEBUG;
				SWIFT_OPTIMIZATION_LEVEL = "-Onone";
			};
			name = Debug;
		};
		181F61B5251D239B005F7433 /* Release */ = {
			isa = XCBuildConfiguration;
			buildSettings = {
				ALWAYS_SEARCH_USER_PATHS = NO;
				CLANG_ANALYZER_NONNULL = YES;
				CLANG_ANALYZER_NUMBER_OBJECT_CONVERSION = YES_AGGRESSIVE;
				CLANG_CXX_LANGUAGE_STANDARD = "gnu++14";
				CLANG_CXX_LIBRARY = "libc++";
				CLANG_ENABLE_MODULES = YES;
				CLANG_ENABLE_OBJC_ARC = YES;
				CLANG_ENABLE_OBJC_WEAK = YES;
				CLANG_WARN_BLOCK_CAPTURE_AUTORELEASING = YES;
				CLANG_WARN_BOOL_CONVERSION = YES;
				CLANG_WARN_COMMA = YES;
				CLANG_WARN_CONSTANT_CONVERSION = YES;
				CLANG_WARN_DEPRECATED_OBJC_IMPLEMENTATIONS = YES;
				CLANG_WARN_DIRECT_OBJC_ISA_USAGE = YES_ERROR;
				CLANG_WARN_DOCUMENTATION_COMMENTS = YES;
				CLANG_WARN_EMPTY_BODY = YES;
				CLANG_WARN_ENUM_CONVERSION = YES;
				CLANG_WARN_INFINITE_RECURSION = YES;
				CLANG_WARN_INT_CONVERSION = YES;
				CLANG_WARN_NON_LITERAL_NULL_CONVERSION = YES;
				CLANG_WARN_OBJC_IMPLICIT_RETAIN_SELF = YES;
				CLANG_WARN_OBJC_LITERAL_CONVERSION = YES;
				CLANG_WARN_OBJC_ROOT_CLASS = YES_ERROR;
				CLANG_WARN_RANGE_LOOP_ANALYSIS = YES;
				CLANG_WARN_STRICT_PROTOTYPES = YES;
				CLANG_WARN_SUSPICIOUS_MOVE = YES;
				CLANG_WARN_UNGUARDED_AVAILABILITY = YES_AGGRESSIVE;
				CLANG_WARN_UNREACHABLE_CODE = YES;
				CLANG_WARN__DUPLICATE_METHOD_MATCH = YES;
				COPY_PHASE_STRIP = NO;
				DEBUG_INFORMATION_FORMAT = "dwarf-with-dsym";
				ENABLE_NS_ASSERTIONS = NO;
				ENABLE_STRICT_OBJC_MSGSEND = YES;
				GCC_C_LANGUAGE_STANDARD = gnu11;
				GCC_NO_COMMON_BLOCKS = YES;
				GCC_WARN_64_TO_32_BIT_CONVERSION = YES;
				GCC_WARN_ABOUT_RETURN_TYPE = YES_ERROR;
				GCC_WARN_UNDECLARED_SELECTOR = YES;
				GCC_WARN_UNINITIALIZED_AUTOS = YES_AGGRESSIVE;
				GCC_WARN_UNUSED_FUNCTION = YES;
				GCC_WARN_UNUSED_VARIABLE = YES;
				MACOSX_DEPLOYMENT_TARGET = 10.14;
				MTL_ENABLE_DEBUG_INFO = NO;
				MTL_FAST_MATH = YES;
				SDKROOT = macosx;
				SWIFT_COMPILATION_MODE = wholemodule;
				SWIFT_OPTIMIZATION_LEVEL = "-O";
			};
			name = Release;
		};
		181F61B7251D239B005F7433 /* Debug */ = {
			isa = XCBuildConfiguration;
			baseConfigurationReference = 1855D9FC251EE6B400E37B8E /* Config.xcconfig */;
			buildSettings = {
				CODE_SIGN_STYLE = Automatic;
				PRODUCT_NAME = "$(TARGET_NAME)";
				SWIFT_VERSION = 5.0;
			};
			name = Debug;
		};
		181F61B8251D239B005F7433 /* Release */ = {
			isa = XCBuildConfiguration;
			baseConfigurationReference = 1855D9FC251EE6B400E37B8E /* Config.xcconfig */;
			buildSettings = {
				CODE_SIGN_STYLE = Automatic;
				PRODUCT_NAME = "$(TARGET_NAME)";
				SWIFT_VERSION = 5.0;
			};
			name = Release;
		};
/* End XCBuildConfiguration section */

/* Begin XCConfigurationList section */
		181F61AA251D239B005F7433 /* Build configuration list for PBXProject "D3F-MetadataExporter" */ = {
			isa = XCConfigurationList;
			buildConfigurations = (
				181F61B4251D239B005F7433 /* Debug */,
				181F61B5251D239B005F7433 /* Release */,
			);
			defaultConfigurationIsVisible = 0;
			defaultConfigurationName = Release;
		};
		181F61B6251D239B005F7433 /* Build configuration list for PBXNativeTarget "D3F-MetadataExporter" */ = {
			isa = XCConfigurationList;
			buildConfigurations = (
				181F61B7251D239B005F7433 /* Debug */,
				181F61B8251D239B005F7433 /* Release */,
			);
			defaultConfigurationIsVisible = 0;
			defaultConfigurationName = Release;
		};
/* End XCConfigurationList section */
	};
	rootObject = 181F61A7251D239B005F7433 /* Project object */;
}
